// !$*UTF8*$!
{
	archiveVersion = 1;
	classes = {
	};
	objectVersion = 56;
	objects = {

/* Begin PBXBuildFile section */
		8033BDB22AC1924800C5F003 /* FavoritesUserDefaultsManager.swift in Sources */ = {isa = PBXBuildFile; fileRef = 8033BDB12AC1924800C5F003 /* FavoritesUserDefaultsManager.swift */; };
		8033BDB52AC1927900C5F003 /* FavoriteTypes.swift in Sources */ = {isa = PBXBuildFile; fileRef = 8033BDB42AC1927900C5F003 /* FavoriteTypes.swift */; };
		8033BDB82AC1934000C5F003 /* TrackDetailView.swift in Sources */ = {isa = PBXBuildFile; fileRef = 8033BDB72AC1934000C5F003 /* TrackDetailView.swift */; };
		8033BDBA2AC1934800C5F003 /* TrackDetailViewModel.swift in Sources */ = {isa = PBXBuildFile; fileRef = 8033BDB92AC1934800C5F003 /* TrackDetailViewModel.swift */; };
		8033BDBE2AC198C800C5F003 /* TrackTitlesStackView.swift in Sources */ = {isa = PBXBuildFile; fileRef = 8033BDBD2AC198C800C5F003 /* TrackTitlesStackView.swift */; };
		8033BDC02AC19E6000C5F003 /* ArtistInfoStackView.swift in Sources */ = {isa = PBXBuildFile; fileRef = 8033BDBF2AC19E6000C5F003 /* ArtistInfoStackView.swift */; };
		8033BDC22AC19EC300C5F003 /* TrackDetailButtonsStackView.swift in Sources */ = {isa = PBXBuildFile; fileRef = 8033BDC12AC19EC300C5F003 /* TrackDetailButtonsStackView.swift */; };
		8040DD392ABEF8EA002E31AD /* SearchView.swift in Sources */ = {isa = PBXBuildFile; fileRef = 8040DD382ABEF8EA002E31AD /* SearchView.swift */; };
		8040DD3C2ABEF9BC002E31AD /* SearchViewModel.swift in Sources */ = {isa = PBXBuildFile; fileRef = 8040DD3B2ABEF9BC002E31AD /* SearchViewModel.swift */; };
		8040DD3F2ABEFB38002E31AD /* PlaylistCardView.swift in Sources */ = {isa = PBXBuildFile; fileRef = 8040DD3E2ABEFB38002E31AD /* PlaylistCardView.swift */; };
		8040DD412ABF0002002E31AD /* TrackCell.swift in Sources */ = {isa = PBXBuildFile; fileRef = 8040DD402ABF0001002E31AD /* TrackCell.swift */; };
		8040DD442ABF0477002E31AD /* Kingfisher in Frameworks */ = {isa = PBXBuildFile; productRef = 8040DD432ABF0477002E31AD /* Kingfisher */; };
		8040DD492ABF1111002E31AD /* PlaylistGridView.swift in Sources */ = {isa = PBXBuildFile; fileRef = 8040DD482ABF1111002E31AD /* PlaylistGridView.swift */; };
		8040DD4C2ABF1185002E31AD /* SearchResultList.swift in Sources */ = {isa = PBXBuildFile; fileRef = 8040DD4B2ABF1185002E31AD /* SearchResultList.swift */; };
		8040DD4F2ABF19CC002E31AD /* PlaylistDetail.swift in Sources */ = {isa = PBXBuildFile; fileRef = 8040DD4E2ABF19CC002E31AD /* PlaylistDetail.swift */; };
		8040DD512ABF1BA7002E31AD /* PlaylistDetailViewModel.swift in Sources */ = {isa = PBXBuildFile; fileRef = 8040DD502ABF1BA7002E31AD /* PlaylistDetailViewModel.swift */; };
		8040DD542ABF24C5002E31AD /* MCImage.swift in Sources */ = {isa = PBXBuildFile; fileRef = 8040DD532ABF24C5002E31AD /* MCImage.swift */; };
		8040DD572ABF26C8002E31AD /* PlaylistInformationConstainer.swift in Sources */ = {isa = PBXBuildFile; fileRef = 8040DD562ABF26C8002E31AD /* PlaylistInformationConstainer.swift */; };
		8040DD592ABF277D002E31AD /* TracksListOfPlaylist.swift in Sources */ = {isa = PBXBuildFile; fileRef = 8040DD582ABF277D002E31AD /* TracksListOfPlaylist.swift */; };
		8040DD5E2ABF3FCA002E31AD /* ArtistDetailView.swift in Sources */ = {isa = PBXBuildFile; fileRef = 8040DD5D2ABF3FCA002E31AD /* ArtistDetailView.swift */; };
		8040DD602ABF4611002E31AD /* ArtistDetailViewModel.swift in Sources */ = {isa = PBXBuildFile; fileRef = 8040DD5F2ABF4611002E31AD /* ArtistDetailViewModel.swift */; };
		8040DD622ABF4BA3002E31AD /* ArtistStats.swift in Sources */ = {isa = PBXBuildFile; fileRef = 8040DD612ABF4BA3002E31AD /* ArtistStats.swift */; };
		8040DD652ABF4CC6002E31AD /* ArtistDetailContainer.swift in Sources */ = {isa = PBXBuildFile; fileRef = 8040DD642ABF4CC6002E31AD /* ArtistDetailContainer.swift */; };
		8040DD672ABF4D21002E31AD /* ArtistsAlbumCard.swift in Sources */ = {isa = PBXBuildFile; fileRef = 8040DD662ABF4D21002E31AD /* ArtistsAlbumCard.swift */; };
		8040DD692ABF4D7F002E31AD /* ArtistsAlbumsScrollView.swift in Sources */ = {isa = PBXBuildFile; fileRef = 8040DD682ABF4D7F002E31AD /* ArtistsAlbumsScrollView.swift */; };
		8040DD6C2ABF4FD0002E31AD /* AlbumDetailView.swift in Sources */ = {isa = PBXBuildFile; fileRef = 8040DD6B2ABF4FD0002E31AD /* AlbumDetailView.swift */; };
		8040DD6E2ABF4FD7002E31AD /* AlbumDetailViewModel.swift in Sources */ = {isa = PBXBuildFile; fileRef = 8040DD6D2ABF4FD7002E31AD /* AlbumDetailViewModel.swift */; };
		8040DD712ABF530A002E31AD /* AlbumNameAndOwnerStack.swift in Sources */ = {isa = PBXBuildFile; fileRef = 8040DD702ABF530A002E31AD /* AlbumNameAndOwnerStack.swift */; };
		8040DD732ABF5344002E31AD /* AlbumTracksList.swift in Sources */ = {isa = PBXBuildFile; fileRef = 8040DD722ABF5344002E31AD /* AlbumTracksList.swift */; };
		80548A262AC10AF600660445 /* Color+Ext.swift in Sources */ = {isa = PBXBuildFile; fileRef = 80548A252AC10AF600660445 /* Color+Ext.swift */; };
		806CC5822ABDB58C0028EA4D /* HarmonyHub_SwiftUIApp.swift in Sources */ = {isa = PBXBuildFile; fileRef = 806CC5812ABDB58C0028EA4D /* HarmonyHub_SwiftUIApp.swift */; };
		806CC5842ABDB58C0028EA4D /* HomeView.swift in Sources */ = {isa = PBXBuildFile; fileRef = 806CC5832ABDB58C0028EA4D /* HomeView.swift */; };
		806CC5862ABDB5910028EA4D /* Assets.xcassets in Resources */ = {isa = PBXBuildFile; fileRef = 806CC5852ABDB5910028EA4D /* Assets.xcassets */; };
		806CC5892ABDB5910028EA4D /* Preview Assets.xcassets in Resources */ = {isa = PBXBuildFile; fileRef = 806CC5882ABDB5910028EA4D /* Preview Assets.xcassets */; };
		806CC5982ABDB5FF0028EA4D /* EndPoints.swift in Sources */ = {isa = PBXBuildFile; fileRef = 806CC5942ABDB5FF0028EA4D /* EndPoints.swift */; };
		806CC5992ABDB5FF0028EA4D /* NetworkManager.swift in Sources */ = {isa = PBXBuildFile; fileRef = 806CC5952ABDB5FF0028EA4D /* NetworkManager.swift */; };
		806CC59A2ABDB5FF0028EA4D /* HttpHelpers.swift in Sources */ = {isa = PBXBuildFile; fileRef = 806CC5972ABDB5FF0028EA4D /* HttpHelpers.swift */; };
		806CC59D2ABDB6250028EA4D /* Alamofire in Frameworks */ = {isa = PBXBuildFile; productRef = 806CC59C2ABDB6250028EA4D /* Alamofire */; };
		806CC5A92ABDB6370028EA4D /* Album Model.swift in Sources */ = {isa = PBXBuildFile; fileRef = 806CC5A02ABDB6360028EA4D /* Album Model.swift */; };
		806CC5AA2ABDB6370028EA4D /* ArtistData.swift in Sources */ = {isa = PBXBuildFile; fileRef = 806CC5A22ABDB6360028EA4D /* ArtistData.swift */; };
		806CC5AB2ABDB6370028EA4D /* Playlist Model.swift in Sources */ = {isa = PBXBuildFile; fileRef = 806CC5A42ABDB6360028EA4D /* Playlist Model.swift */; };
		806CC5AC2ABDB6370028EA4D /* TrackDetail.swift in Sources */ = {isa = PBXBuildFile; fileRef = 806CC5A62ABDB6360028EA4D /* TrackDetail.swift */; };
		806CC5AD2ABDB6370028EA4D /* ChartModel.swift in Sources */ = {isa = PBXBuildFile; fileRef = 806CC5A82ABDB6360028EA4D /* ChartModel.swift */; };
		806CC5B12ABDB7FA0028EA4D /* AlbumCardView.swift in Sources */ = {isa = PBXBuildFile; fileRef = 806CC5B02ABDB7FA0028EA4D /* AlbumCardView.swift */; };
		806CC5B32ABDBC6E0028EA4D /* TitleView.swift in Sources */ = {isa = PBXBuildFile; fileRef = 806CC5B22ABDBC6E0028EA4D /* TitleView.swift */; };
		806CC5B52ABDBEB20028EA4D /* ArtistCardView.swift in Sources */ = {isa = PBXBuildFile; fileRef = 806CC5B42ABDBEB20028EA4D /* ArtistCardView.swift */; };
		806CC5B82ABDC0390028EA4D /* AlbumChartScrollView.swift in Sources */ = {isa = PBXBuildFile; fileRef = 806CC5B72ABDC0390028EA4D /* AlbumChartScrollView.swift */; };
		806CC5BA2ABDC0650028EA4D /* ArtistChartScrollView.swift in Sources */ = {isa = PBXBuildFile; fileRef = 806CC5B92ABDC0650028EA4D /* ArtistChartScrollView.swift */; };
		806CC5BE2ABDC1060028EA4D /* TrackCardView.swift in Sources */ = {isa = PBXBuildFile; fileRef = 806CC5BD2ABDC1060028EA4D /* TrackCardView.swift */; };
		806CC5C02ABDC3640028EA4D /* TabBar.swift in Sources */ = {isa = PBXBuildFile; fileRef = 806CC5BF2ABDC3640028EA4D /* TabBar.swift */; };
		806CC5C32ABDC3ED0028EA4D /* ArtistChartGridView.swift in Sources */ = {isa = PBXBuildFile; fileRef = 806CC5C22ABDC3ED0028EA4D /* ArtistChartGridView.swift */; };
		806CC5C52ABDC44F0028EA4D /* TopButtons.swift in Sources */ = {isa = PBXBuildFile; fileRef = 806CC5C42ABDC44F0028EA4D /* TopButtons.swift */; };
		806CC5C72ABDC4EF0028EA4D /* TopButton.swift in Sources */ = {isa = PBXBuildFile; fileRef = 806CC5C62ABDC4EF0028EA4D /* TopButton.swift */; };
		806CC5C92ABDC68A0028EA4D /* HomeViewModel.swift in Sources */ = {isa = PBXBuildFile; fileRef = 806CC5C82ABDC68A0028EA4D /* HomeViewModel.swift */; };
		808845702AC040FE00717DB2 /* AudioManager.swift in Sources */ = {isa = PBXBuildFile; fileRef = 8088456F2AC040FE00717DB2 /* AudioManager.swift */; };
		808845722AC0410200717DB2 /* TrackManager.swift in Sources */ = {isa = PBXBuildFile; fileRef = 808845712AC0410200717DB2 /* TrackManager.swift */; };
		808845742AC0425900717DB2 /* PlayPreviewButton.swift in Sources */ = {isa = PBXBuildFile; fileRef = 808845732AC0425900717DB2 /* PlayPreviewButton.swift */; };
		808845792AC047BC00717DB2 /* FavoritePlaylists.swift in Sources */ = {isa = PBXBuildFile; fileRef = 808845782AC047BC00717DB2 /* FavoritePlaylists.swift */; };
		8088457B2AC047D200717DB2 /* FavoritesViewModel.swift in Sources */ = {isa = PBXBuildFile; fileRef = 8088457A2AC047D200717DB2 /* FavoritesViewModel.swift */; };
		8088457D2AC05E3A00717DB2 /* Array+Ext.swift in Sources */ = {isa = PBXBuildFile; fileRef = 8088457C2AC05E3A00717DB2 /* Array+Ext.swift */; };
		8088457F2AC0FABC00717DB2 /* PlaylistListCell.swift in Sources */ = {isa = PBXBuildFile; fileRef = 8088457E2AC0FABC00717DB2 /* PlaylistListCell.swift */; };
		808845812AC102FB00717DB2 /* HeaderTitle.swift in Sources */ = {isa = PBXBuildFile; fileRef = 808845802AC102FB00717DB2 /* HeaderTitle.swift */; };
/* End PBXBuildFile section */

/* Begin PBXFileReference section */
		8033BDB12AC1924800C5F003 /* FavoritesUserDefaultsManager.swift */ = {isa = PBXFileReference; lastKnownFileType = sourcecode.swift; path = FavoritesUserDefaultsManager.swift; sourceTree = "<group>"; };
		8033BDB42AC1927900C5F003 /* FavoriteTypes.swift */ = {isa = PBXFileReference; lastKnownFileType = sourcecode.swift; path = FavoriteTypes.swift; sourceTree = "<group>"; };
		8033BDB72AC1934000C5F003 /* TrackDetailView.swift */ = {isa = PBXFileReference; lastKnownFileType = sourcecode.swift; path = TrackDetailView.swift; sourceTree = "<group>"; };
		8033BDB92AC1934800C5F003 /* TrackDetailViewModel.swift */ = {isa = PBXFileReference; lastKnownFileType = sourcecode.swift; path = TrackDetailViewModel.swift; sourceTree = "<group>"; };
		8033BDBD2AC198C800C5F003 /* TrackTitlesStackView.swift */ = {isa = PBXFileReference; lastKnownFileType = sourcecode.swift; path = TrackTitlesStackView.swift; sourceTree = "<group>"; };
		8033BDBF2AC19E6000C5F003 /* ArtistInfoStackView.swift */ = {isa = PBXFileReference; lastKnownFileType = sourcecode.swift; path = ArtistInfoStackView.swift; sourceTree = "<group>"; };
		8033BDC12AC19EC300C5F003 /* TrackDetailButtonsStackView.swift */ = {isa = PBXFileReference; lastKnownFileType = sourcecode.swift; path = TrackDetailButtonsStackView.swift; sourceTree = "<group>"; };
		8040DD382ABEF8EA002E31AD /* SearchView.swift */ = {isa = PBXFileReference; lastKnownFileType = sourcecode.swift; path = SearchView.swift; sourceTree = "<group>"; };
		8040DD3B2ABEF9BC002E31AD /* SearchViewModel.swift */ = {isa = PBXFileReference; lastKnownFileType = sourcecode.swift; path = SearchViewModel.swift; sourceTree = "<group>"; };
		8040DD3E2ABEFB38002E31AD /* PlaylistCardView.swift */ = {isa = PBXFileReference; lastKnownFileType = sourcecode.swift; path = PlaylistCardView.swift; sourceTree = "<group>"; };
		8040DD402ABF0001002E31AD /* TrackCell.swift */ = {isa = PBXFileReference; lastKnownFileType = sourcecode.swift; path = TrackCell.swift; sourceTree = "<group>"; };
		8040DD482ABF1111002E31AD /* PlaylistGridView.swift */ = {isa = PBXFileReference; lastKnownFileType = sourcecode.swift; path = PlaylistGridView.swift; sourceTree = "<group>"; };
		8040DD4B2ABF1185002E31AD /* SearchResultList.swift */ = {isa = PBXFileReference; lastKnownFileType = sourcecode.swift; path = SearchResultList.swift; sourceTree = "<group>"; };
		8040DD4E2ABF19CC002E31AD /* PlaylistDetail.swift */ = {isa = PBXFileReference; lastKnownFileType = sourcecode.swift; path = PlaylistDetail.swift; sourceTree = "<group>"; };
		8040DD502ABF1BA7002E31AD /* PlaylistDetailViewModel.swift */ = {isa = PBXFileReference; lastKnownFileType = sourcecode.swift; path = PlaylistDetailViewModel.swift; sourceTree = "<group>"; };
		8040DD532ABF24C5002E31AD /* MCImage.swift */ = {isa = PBXFileReference; lastKnownFileType = sourcecode.swift; path = MCImage.swift; sourceTree = "<group>"; };
		8040DD562ABF26C8002E31AD /* PlaylistInformationConstainer.swift */ = {isa = PBXFileReference; lastKnownFileType = sourcecode.swift; path = PlaylistInformationConstainer.swift; sourceTree = "<group>"; };
		8040DD582ABF277D002E31AD /* TracksListOfPlaylist.swift */ = {isa = PBXFileReference; lastKnownFileType = sourcecode.swift; path = TracksListOfPlaylist.swift; sourceTree = "<group>"; };
		8040DD5D2ABF3FCA002E31AD /* ArtistDetailView.swift */ = {isa = PBXFileReference; lastKnownFileType = sourcecode.swift; path = ArtistDetailView.swift; sourceTree = "<group>"; };
		8040DD5F2ABF4611002E31AD /* ArtistDetailViewModel.swift */ = {isa = PBXFileReference; lastKnownFileType = sourcecode.swift; path = ArtistDetailViewModel.swift; sourceTree = "<group>"; };
		8040DD612ABF4BA3002E31AD /* ArtistStats.swift */ = {isa = PBXFileReference; lastKnownFileType = sourcecode.swift; path = ArtistStats.swift; sourceTree = "<group>"; };
		8040DD642ABF4CC6002E31AD /* ArtistDetailContainer.swift */ = {isa = PBXFileReference; lastKnownFileType = sourcecode.swift; path = ArtistDetailContainer.swift; sourceTree = "<group>"; };
		8040DD662ABF4D21002E31AD /* ArtistsAlbumCard.swift */ = {isa = PBXFileReference; lastKnownFileType = sourcecode.swift; path = ArtistsAlbumCard.swift; sourceTree = "<group>"; };
		8040DD682ABF4D7F002E31AD /* ArtistsAlbumsScrollView.swift */ = {isa = PBXFileReference; lastKnownFileType = sourcecode.swift; path = ArtistsAlbumsScrollView.swift; sourceTree = "<group>"; };
		8040DD6B2ABF4FD0002E31AD /* AlbumDetailView.swift */ = {isa = PBXFileReference; lastKnownFileType = sourcecode.swift; path = AlbumDetailView.swift; sourceTree = "<group>"; };
		8040DD6D2ABF4FD7002E31AD /* AlbumDetailViewModel.swift */ = {isa = PBXFileReference; lastKnownFileType = sourcecode.swift; path = AlbumDetailViewModel.swift; sourceTree = "<group>"; };
		8040DD702ABF530A002E31AD /* AlbumNameAndOwnerStack.swift */ = {isa = PBXFileReference; lastKnownFileType = sourcecode.swift; path = AlbumNameAndOwnerStack.swift; sourceTree = "<group>"; };
		8040DD722ABF5344002E31AD /* AlbumTracksList.swift */ = {isa = PBXFileReference; lastKnownFileType = sourcecode.swift; path = AlbumTracksList.swift; sourceTree = "<group>"; };
		80548A252AC10AF600660445 /* Color+Ext.swift */ = {isa = PBXFileReference; lastKnownFileType = sourcecode.swift; path = "Color+Ext.swift"; sourceTree = "<group>"; };
		806CC57E2ABDB58C0028EA4D /* HarmonyHub-SwiftUI.app */ = {isa = PBXFileReference; explicitFileType = wrapper.application; includeInIndex = 0; path = "HarmonyHub-SwiftUI.app"; sourceTree = BUILT_PRODUCTS_DIR; };
		806CC5812ABDB58C0028EA4D /* HarmonyHub_SwiftUIApp.swift */ = {isa = PBXFileReference; lastKnownFileType = sourcecode.swift; path = HarmonyHub_SwiftUIApp.swift; sourceTree = "<group>"; };
		806CC5832ABDB58C0028EA4D /* HomeView.swift */ = {isa = PBXFileReference; lastKnownFileType = sourcecode.swift; path = HomeView.swift; sourceTree = "<group>"; };
		806CC5852ABDB5910028EA4D /* Assets.xcassets */ = {isa = PBXFileReference; lastKnownFileType = folder.assetcatalog; path = Assets.xcassets; sourceTree = "<group>"; };
		806CC5882ABDB5910028EA4D /* Preview Assets.xcassets */ = {isa = PBXFileReference; lastKnownFileType = folder.assetcatalog; path = "Preview Assets.xcassets"; sourceTree = "<group>"; };
		806CC5942ABDB5FF0028EA4D /* EndPoints.swift */ = {isa = PBXFileReference; fileEncoding = 4; lastKnownFileType = sourcecode.swift; path = EndPoints.swift; sourceTree = "<group>"; };
		806CC5952ABDB5FF0028EA4D /* NetworkManager.swift */ = {isa = PBXFileReference; fileEncoding = 4; lastKnownFileType = sourcecode.swift; path = NetworkManager.swift; sourceTree = "<group>"; };
		806CC5972ABDB5FF0028EA4D /* HttpHelpers.swift */ = {isa = PBXFileReference; fileEncoding = 4; lastKnownFileType = sourcecode.swift; path = HttpHelpers.swift; sourceTree = "<group>"; };
		806CC5A02ABDB6360028EA4D /* Album Model.swift */ = {isa = PBXFileReference; fileEncoding = 4; lastKnownFileType = sourcecode.swift; path = "Album Model.swift"; sourceTree = "<group>"; };
		806CC5A22ABDB6360028EA4D /* ArtistData.swift */ = {isa = PBXFileReference; fileEncoding = 4; lastKnownFileType = sourcecode.swift; path = ArtistData.swift; sourceTree = "<group>"; };
		806CC5A42ABDB6360028EA4D /* Playlist Model.swift */ = {isa = PBXFileReference; fileEncoding = 4; lastKnownFileType = sourcecode.swift; path = "Playlist Model.swift"; sourceTree = "<group>"; };
		806CC5A62ABDB6360028EA4D /* TrackDetail.swift */ = {isa = PBXFileReference; fileEncoding = 4; lastKnownFileType = sourcecode.swift; path = TrackDetail.swift; sourceTree = "<group>"; };
		806CC5A82ABDB6360028EA4D /* ChartModel.swift */ = {isa = PBXFileReference; fileEncoding = 4; lastKnownFileType = sourcecode.swift; path = ChartModel.swift; sourceTree = "<group>"; };
		806CC5B02ABDB7FA0028EA4D /* AlbumCardView.swift */ = {isa = PBXFileReference; lastKnownFileType = sourcecode.swift; path = AlbumCardView.swift; sourceTree = "<group>"; };
		806CC5B22ABDBC6E0028EA4D /* TitleView.swift */ = {isa = PBXFileReference; lastKnownFileType = sourcecode.swift; path = TitleView.swift; sourceTree = "<group>"; };
		806CC5B42ABDBEB20028EA4D /* ArtistCardView.swift */ = {isa = PBXFileReference; lastKnownFileType = sourcecode.swift; path = ArtistCardView.swift; sourceTree = "<group>"; };
		806CC5B72ABDC0390028EA4D /* AlbumChartScrollView.swift */ = {isa = PBXFileReference; lastKnownFileType = sourcecode.swift; path = AlbumChartScrollView.swift; sourceTree = "<group>"; };
		806CC5B92ABDC0650028EA4D /* ArtistChartScrollView.swift */ = {isa = PBXFileReference; lastKnownFileType = sourcecode.swift; path = ArtistChartScrollView.swift; sourceTree = "<group>"; };
		806CC5BD2ABDC1060028EA4D /* TrackCardView.swift */ = {isa = PBXFileReference; lastKnownFileType = sourcecode.swift; path = TrackCardView.swift; sourceTree = "<group>"; };
		806CC5BF2ABDC3640028EA4D /* TabBar.swift */ = {isa = PBXFileReference; lastKnownFileType = sourcecode.swift; path = TabBar.swift; sourceTree = "<group>"; };
		806CC5C22ABDC3ED0028EA4D /* ArtistChartGridView.swift */ = {isa = PBXFileReference; lastKnownFileType = sourcecode.swift; path = ArtistChartGridView.swift; sourceTree = "<group>"; };
		806CC5C42ABDC44F0028EA4D /* TopButtons.swift */ = {isa = PBXFileReference; lastKnownFileType = sourcecode.swift; path = TopButtons.swift; sourceTree = "<group>"; };
		806CC5C62ABDC4EF0028EA4D /* TopButton.swift */ = {isa = PBXFileReference; lastKnownFileType = sourcecode.swift; path = TopButton.swift; sourceTree = "<group>"; };
		806CC5C82ABDC68A0028EA4D /* HomeViewModel.swift */ = {isa = PBXFileReference; lastKnownFileType = sourcecode.swift; path = HomeViewModel.swift; sourceTree = "<group>"; };
		8088456F2AC040FE00717DB2 /* AudioManager.swift */ = {isa = PBXFileReference; lastKnownFileType = sourcecode.swift; path = AudioManager.swift; sourceTree = "<group>"; };
		808845712AC0410200717DB2 /* TrackManager.swift */ = {isa = PBXFileReference; lastKnownFileType = sourcecode.swift; path = TrackManager.swift; sourceTree = "<group>"; };
		808845732AC0425900717DB2 /* PlayPreviewButton.swift */ = {isa = PBXFileReference; lastKnownFileType = sourcecode.swift; path = PlayPreviewButton.swift; sourceTree = "<group>"; };
		808845782AC047BC00717DB2 /* FavoritePlaylists.swift */ = {isa = PBXFileReference; lastKnownFileType = sourcecode.swift; path = FavoritePlaylists.swift; sourceTree = "<group>"; };
		8088457A2AC047D200717DB2 /* FavoritesViewModel.swift */ = {isa = PBXFileReference; lastKnownFileType = sourcecode.swift; path = FavoritesViewModel.swift; sourceTree = "<group>"; };
		8088457C2AC05E3A00717DB2 /* Array+Ext.swift */ = {isa = PBXFileReference; lastKnownFileType = sourcecode.swift; path = "Array+Ext.swift"; sourceTree = "<group>"; };
		8088457E2AC0FABC00717DB2 /* PlaylistListCell.swift */ = {isa = PBXFileReference; lastKnownFileType = sourcecode.swift; path = PlaylistListCell.swift; sourceTree = "<group>"; };
		808845802AC102FB00717DB2 /* HeaderTitle.swift */ = {isa = PBXFileReference; lastKnownFileType = sourcecode.swift; path = HeaderTitle.swift; sourceTree = "<group>"; };
/* End PBXFileReference section */

/* Begin PBXFrameworksBuildPhase section */
		806CC57B2ABDB58C0028EA4D /* Frameworks */ = {
			isa = PBXFrameworksBuildPhase;
			buildActionMask = 2147483647;
			files = (
				8040DD442ABF0477002E31AD /* Kingfisher in Frameworks */,
				806CC59D2ABDB6250028EA4D /* Alamofire in Frameworks */,
			);
			runOnlyForDeploymentPostprocessing = 0;
		};
/* End PBXFrameworksBuildPhase section */

/* Begin PBXGroup section */
		8033BDB02AC1923C00C5F003 /* FavoritesManager */ = {
			isa = PBXGroup;
			children = (
				8033BDBC2AC1964400C5F003 /* Core */,
				8033BDB32AC1925600C5F003 /* Helpers */,
			);
			path = FavoritesManager;
			sourceTree = "<group>";
		};
		8033BDB32AC1925600C5F003 /* Helpers */ = {
			isa = PBXGroup;
			children = (
				8033BDB42AC1927900C5F003 /* FavoriteTypes.swift */,
			);
			path = Helpers;
			sourceTree = "<group>";
		};
		8033BDB62AC1933600C5F003 /* TrackDetail */ = {
			isa = PBXGroup;
			children = (
				8033BDBB2AC1934900C5F003 /* UI Components */,
				8033BDB72AC1934000C5F003 /* TrackDetailView.swift */,
				8033BDB92AC1934800C5F003 /* TrackDetailViewModel.swift */,
			);
			path = TrackDetail;
			sourceTree = "<group>";
		};
		8033BDBB2AC1934900C5F003 /* UI Components */ = {
			isa = PBXGroup;
			children = (
				8033BDBD2AC198C800C5F003 /* TrackTitlesStackView.swift */,
				8033BDBF2AC19E6000C5F003 /* ArtistInfoStackView.swift */,
				8033BDC12AC19EC300C5F003 /* TrackDetailButtonsStackView.swift */,
			);
			path = "UI Components";
			sourceTree = "<group>";
		};
		8033BDBC2AC1964400C5F003 /* Core */ = {
			isa = PBXGroup;
			children = (
				8033BDB12AC1924800C5F003 /* FavoritesUserDefaultsManager.swift */,
			);
			path = Core;
			sourceTree = "<group>";
		};
		8040DD372ABEF8DB002E31AD /* Search */ = {
			isa = PBXGroup;
			children = (
				8040DD3D2ABEFB1F002E31AD /* UIComponents */,
				8040DD382ABEF8EA002E31AD /* SearchView.swift */,
				8040DD3B2ABEF9BC002E31AD /* SearchViewModel.swift */,
			);
			path = Search;
			sourceTree = "<group>";
		};
		8040DD3A2ABEF935002E31AD /* Buttons */ = {
			isa = PBXGroup;
			children = (
				806CC5C62ABDC4EF0028EA4D /* TopButton.swift */,
				806CC5C42ABDC44F0028EA4D /* TopButtons.swift */,
			);
			path = Buttons;
			sourceTree = "<group>";
		};
		8040DD3D2ABEFB1F002E31AD /* UIComponents */ = {
			isa = PBXGroup;
			children = (
				8040DD4A2ABF1174002E31AD /* SearchResults */,
				8040DD472ABF10FE002E31AD /* PlaylistGrid */,
			);
			path = UIComponents;
			sourceTree = "<group>";
		};
		8040DD472ABF10FE002E31AD /* PlaylistGrid */ = {
			isa = PBXGroup;
			children = (
				8040DD3E2ABEFB38002E31AD /* PlaylistCardView.swift */,
				8040DD482ABF1111002E31AD /* PlaylistGridView.swift */,
			);
			path = PlaylistGrid;
			sourceTree = "<group>";
		};
		8040DD4A2ABF1174002E31AD /* SearchResults */ = {
			isa = PBXGroup;
			children = (
				8040DD402ABF0001002E31AD /* TrackCell.swift */,
				8040DD4B2ABF1185002E31AD /* SearchResultList.swift */,
			);
			path = SearchResults;
			sourceTree = "<group>";
		};
		8040DD4D2ABF19A7002E31AD /* PlaylistDetail */ = {
			isa = PBXGroup;
			children = (
				8040DD552ABF26A7002E31AD /* UI Components */,
				8040DD4E2ABF19CC002E31AD /* PlaylistDetail.swift */,
				8040DD502ABF1BA7002E31AD /* PlaylistDetailViewModel.swift */,
			);
			path = PlaylistDetail;
			sourceTree = "<group>";
		};
		8040DD522ABF24B5002E31AD /* Reusable Components */ = {
			isa = PBXGroup;
			children = (
				8040DD532ABF24C5002E31AD /* MCImage.swift */,
				808845732AC0425900717DB2 /* PlayPreviewButton.swift */,
			);
			path = "Reusable Components";
			sourceTree = "<group>";
		};
		8040DD552ABF26A7002E31AD /* UI Components */ = {
			isa = PBXGroup;
			children = (
				8040DD562ABF26C8002E31AD /* PlaylistInformationConstainer.swift */,
				8040DD582ABF277D002E31AD /* TracksListOfPlaylist.swift */,
			);
			path = "UI Components";
			sourceTree = "<group>";
		};
		8040DD5C2ABF3F81002E31AD /* ArtistDetail */ = {
			isa = PBXGroup;
			children = (
				8040DD632ABF4CB4002E31AD /* UI Components */,
				8040DD5D2ABF3FCA002E31AD /* ArtistDetailView.swift */,
				8040DD5F2ABF4611002E31AD /* ArtistDetailViewModel.swift */,
			);
			path = ArtistDetail;
			sourceTree = "<group>";
		};
		8040DD632ABF4CB4002E31AD /* UI Components */ = {
			isa = PBXGroup;
			children = (
				8040DD612ABF4BA3002E31AD /* ArtistStats.swift */,
				8040DD642ABF4CC6002E31AD /* ArtistDetailContainer.swift */,
				8040DD662ABF4D21002E31AD /* ArtistsAlbumCard.swift */,
				8040DD682ABF4D7F002E31AD /* ArtistsAlbumsScrollView.swift */,
			);
			path = "UI Components";
			sourceTree = "<group>";
		};
		8040DD6A2ABF4FC5002E31AD /* AlbumDetail */ = {
			isa = PBXGroup;
			children = (
				8040DD6F2ABF4FD9002E31AD /* UI Components */,
				8040DD6B2ABF4FD0002E31AD /* AlbumDetailView.swift */,
				8040DD6D2ABF4FD7002E31AD /* AlbumDetailViewModel.swift */,
			);
			path = AlbumDetail;
			sourceTree = "<group>";
		};
		8040DD6F2ABF4FD9002E31AD /* UI Components */ = {
			isa = PBXGroup;
			children = (
				8040DD702ABF530A002E31AD /* AlbumNameAndOwnerStack.swift */,
				8040DD722ABF5344002E31AD /* AlbumTracksList.swift */,
			);
			path = "UI Components";
			sourceTree = "<group>";
		};
		806CC5752ABDB58C0028EA4D = {
			isa = PBXGroup;
			children = (
				806CC5802ABDB58C0028EA4D /* HarmonyHub-SwiftUI */,
				806CC57F2ABDB58C0028EA4D /* Products */,
			);
			sourceTree = "<group>";
		};
		806CC57F2ABDB58C0028EA4D /* Products */ = {
			isa = PBXGroup;
			children = (
				806CC57E2ABDB58C0028EA4D /* HarmonyHub-SwiftUI.app */,
			);
			name = Products;
			sourceTree = "<group>";
		};
		806CC5802ABDB58C0028EA4D /* HarmonyHub-SwiftUI */ = {
			isa = PBXGroup;
			children = (
				8040DD522ABF24B5002E31AD /* Reusable Components */,
				806CC5AE2ABDB6410028EA4D /* Screens */,
				806CC59E2ABDB6360028EA4D /* Entities */,
				806CC58F2ABDB5B20028EA4D /* Services */,
				806CC5812ABDB58C0028EA4D /* HarmonyHub_SwiftUIApp.swift */,
				806CC5852ABDB5910028EA4D /* Assets.xcassets */,
				806CC5872ABDB5910028EA4D /* Preview Content */,
				8088457C2AC05E3A00717DB2 /* Array+Ext.swift */,
				80548A252AC10AF600660445 /* Color+Ext.swift */,
			);
			path = "HarmonyHub-SwiftUI";
			sourceTree = "<group>";
		};
		806CC5872ABDB5910028EA4D /* Preview Content */ = {
			isa = PBXGroup;
			children = (
				806CC5882ABDB5910028EA4D /* Preview Assets.xcassets */,
			);
			path = "Preview Content";
			sourceTree = "<group>";
		};
		806CC58F2ABDB5B20028EA4D /* Services */ = {
			isa = PBXGroup;
			children = (
				8033BDB02AC1923C00C5F003 /* FavoritesManager */,
				8088456E2AC040E800717DB2 /* AudioManager */,
				806CC5922ABDB5FF0028EA4D /* NetworkManager */,
			);
			path = Services;
			sourceTree = "<group>";
		};
		806CC5922ABDB5FF0028EA4D /* NetworkManager */ = {
			isa = PBXGroup;
			children = (
				806CC5932ABDB5FF0028EA4D /* Core */,
				806CC5962ABDB5FF0028EA4D /* Helpers */,
			);
			path = NetworkManager;
			sourceTree = "<group>";
		};
		806CC5932ABDB5FF0028EA4D /* Core */ = {
			isa = PBXGroup;
			children = (
				806CC5942ABDB5FF0028EA4D /* EndPoints.swift */,
				806CC5952ABDB5FF0028EA4D /* NetworkManager.swift */,
			);
			path = Core;
			sourceTree = "<group>";
		};
		806CC5962ABDB5FF0028EA4D /* Helpers */ = {
			isa = PBXGroup;
			children = (
				806CC5972ABDB5FF0028EA4D /* HttpHelpers.swift */,
			);
			path = Helpers;
			sourceTree = "<group>";
		};
		806CC59E2ABDB6360028EA4D /* Entities */ = {
			isa = PBXGroup;
			children = (
				806CC59F2ABDB6360028EA4D /* AlbumsAPI */,
				806CC5A12ABDB6360028EA4D /* ArtistAPI */,
				806CC5A32ABDB6360028EA4D /* PlaylistAPI */,
				806CC5A52ABDB6360028EA4D /* TrackAPI */,
				806CC5A72ABDB6360028EA4D /* ChartAPI */,
			);
			path = Entities;
			sourceTree = "<group>";
		};
		806CC59F2ABDB6360028EA4D /* AlbumsAPI */ = {
			isa = PBXGroup;
			children = (
				806CC5A02ABDB6360028EA4D /* Album Model.swift */,
			);
			path = AlbumsAPI;
			sourceTree = "<group>";
		};
		806CC5A12ABDB6360028EA4D /* ArtistAPI */ = {
			isa = PBXGroup;
			children = (
				806CC5A22ABDB6360028EA4D /* ArtistData.swift */,
			);
			path = ArtistAPI;
			sourceTree = "<group>";
		};
		806CC5A32ABDB6360028EA4D /* PlaylistAPI */ = {
			isa = PBXGroup;
			children = (
				806CC5A42ABDB6360028EA4D /* Playlist Model.swift */,
			);
			path = PlaylistAPI;
			sourceTree = "<group>";
		};
		806CC5A52ABDB6360028EA4D /* TrackAPI */ = {
			isa = PBXGroup;
			children = (
				806CC5A62ABDB6360028EA4D /* TrackDetail.swift */,
			);
			path = TrackAPI;
			sourceTree = "<group>";
		};
		806CC5A72ABDB6360028EA4D /* ChartAPI */ = {
			isa = PBXGroup;
			children = (
				806CC5A82ABDB6360028EA4D /* ChartModel.swift */,
			);
			path = ChartAPI;
			sourceTree = "<group>";
		};
		806CC5AE2ABDB6410028EA4D /* Screens */ = {
			isa = PBXGroup;
			children = (
				806CC5BF2ABDC3640028EA4D /* TabBar.swift */,
				8033BDB62AC1933600C5F003 /* TrackDetail */,
				808845772AC047B000717DB2 /* Favorites */,
				8040DD6A2ABF4FC5002E31AD /* AlbumDetail */,
				8040DD5C2ABF3F81002E31AD /* ArtistDetail */,
				8040DD4D2ABF19A7002E31AD /* PlaylistDetail */,
				8040DD372ABEF8DB002E31AD /* Search */,
				806CC5AF2ABDB6450028EA4D /* Home */,
			);
			path = Screens;
			sourceTree = "<group>";
		};
		806CC5AF2ABDB6450028EA4D /* Home */ = {
			isa = PBXGroup;
			children = (
				806CC5B62ABDC01A0028EA4D /* UI Components */,
				806CC5832ABDB58C0028EA4D /* HomeView.swift */,
				806CC5C82ABDC68A0028EA4D /* HomeViewModel.swift */,
			);
			path = Home;
			sourceTree = "<group>";
		};
		806CC5B62ABDC01A0028EA4D /* UI Components */ = {
			isa = PBXGroup;
			children = (
				806CC5B22ABDBC6E0028EA4D /* TitleView.swift */,
				8040DD3A2ABEF935002E31AD /* Buttons */,
				806CC5C12ABDC3DE0028EA4D /* TrackChart */,
				806CC5BC2ABDC0C70028EA4D /* AlbumChart */,
				806CC5BB2ABDC0BF0028EA4D /* ArtistChart */,
			);
			path = "UI Components";
			sourceTree = "<group>";
		};
		806CC5BB2ABDC0BF0028EA4D /* ArtistChart */ = {
			isa = PBXGroup;
			children = (
				806CC5B92ABDC0650028EA4D /* ArtistChartScrollView.swift */,
				806CC5B42ABDBEB20028EA4D /* ArtistCardView.swift */,
			);
			path = ArtistChart;
			sourceTree = "<group>";
		};
		806CC5BC2ABDC0C70028EA4D /* AlbumChart */ = {
			isa = PBXGroup;
			children = (
				806CC5B72ABDC0390028EA4D /* AlbumChartScrollView.swift */,
				806CC5B02ABDB7FA0028EA4D /* AlbumCardView.swift */,
			);
			path = AlbumChart;
			sourceTree = "<group>";
		};
		806CC5C12ABDC3DE0028EA4D /* TrackChart */ = {
			isa = PBXGroup;
			children = (
				806CC5BD2ABDC1060028EA4D /* TrackCardView.swift */,
				806CC5C22ABDC3ED0028EA4D /* ArtistChartGridView.swift */,
			);
			path = TrackChart;
			sourceTree = "<group>";
		};
		8088456E2AC040E800717DB2 /* AudioManager */ = {
			isa = PBXGroup;
			children = (
				8088456F2AC040FE00717DB2 /* AudioManager.swift */,
				808845712AC0410200717DB2 /* TrackManager.swift */,
			);
			path = AudioManager;
			sourceTree = "<group>";
		};
		808845772AC047B000717DB2 /* Favorites */ = {
			isa = PBXGroup;
			children = (
				808845782AC047BC00717DB2 /* FavoritePlaylists.swift */,
				8088457A2AC047D200717DB2 /* FavoritesViewModel.swift */,
				8088457E2AC0FABC00717DB2 /* PlaylistListCell.swift */,
				808845802AC102FB00717DB2 /* HeaderTitle.swift */,
			);
			path = Favorites;
			sourceTree = "<group>";
		};
/* End PBXGroup section */

/* Begin PBXNativeTarget section */
		806CC57D2ABDB58C0028EA4D /* HarmonyHub-SwiftUI */ = {
			isa = PBXNativeTarget;
			buildConfigurationList = 806CC58C2ABDB5910028EA4D /* Build configuration list for PBXNativeTarget "HarmonyHub-SwiftUI" */;
			buildPhases = (
				806CC57A2ABDB58C0028EA4D /* Sources */,
				806CC57B2ABDB58C0028EA4D /* Frameworks */,
				806CC57C2ABDB58C0028EA4D /* Resources */,
			);
			buildRules = (
			);
			dependencies = (
			);
			name = "HarmonyHub-SwiftUI";
			packageProductDependencies = (
				806CC59C2ABDB6250028EA4D /* Alamofire */,
				8040DD432ABF0477002E31AD /* Kingfisher */,
			);
			productName = "HarmonyHub-SwiftUI";
			productReference = 806CC57E2ABDB58C0028EA4D /* HarmonyHub-SwiftUI.app */;
			productType = "com.apple.product-type.application";
		};
/* End PBXNativeTarget section */

/* Begin PBXProject section */
		806CC5762ABDB58C0028EA4D /* Project object */ = {
			isa = PBXProject;
			attributes = {
				BuildIndependentTargetsInParallel = 1;
				LastSwiftUpdateCheck = 1500;
				LastUpgradeCheck = 1500;
				TargetAttributes = {
					806CC57D2ABDB58C0028EA4D = {
						CreatedOnToolsVersion = 15.0;
					};
				};
			};
			buildConfigurationList = 806CC5792ABDB58C0028EA4D /* Build configuration list for PBXProject "HarmonyHub-SwiftUI" */;
			compatibilityVersion = "Xcode 14.0";
			developmentRegion = en;
			hasScannedForEncodings = 0;
			knownRegions = (
				en,
				Base,
			);
			mainGroup = 806CC5752ABDB58C0028EA4D;
			packageReferences = (
				806CC59B2ABDB6250028EA4D /* XCRemoteSwiftPackageReference "Alamofire" */,
				8040DD422ABF0477002E31AD /* XCRemoteSwiftPackageReference "Kingfisher" */,
			);
			productRefGroup = 806CC57F2ABDB58C0028EA4D /* Products */;
			projectDirPath = "";
			projectRoot = "";
			targets = (
				806CC57D2ABDB58C0028EA4D /* HarmonyHub-SwiftUI */,
			);
		};
/* End PBXProject section */

/* Begin PBXResourcesBuildPhase section */
		806CC57C2ABDB58C0028EA4D /* Resources */ = {
			isa = PBXResourcesBuildPhase;
			buildActionMask = 2147483647;
			files = (
				806CC5892ABDB5910028EA4D /* Preview Assets.xcassets in Resources */,
				806CC5862ABDB5910028EA4D /* Assets.xcassets in Resources */,
			);
			runOnlyForDeploymentPostprocessing = 0;
		};
/* End PBXResourcesBuildPhase section */

/* Begin PBXSourcesBuildPhase section */
		806CC57A2ABDB58C0028EA4D /* Sources */ = {
			isa = PBXSourcesBuildPhase;
			buildActionMask = 2147483647;
			files = (
				8088457D2AC05E3A00717DB2 /* Array+Ext.swift in Sources */,
				8040DD592ABF277D002E31AD /* TracksListOfPlaylist.swift in Sources */,
				8040DD572ABF26C8002E31AD /* PlaylistInformationConstainer.swift in Sources */,
				8040DD4F2ABF19CC002E31AD /* PlaylistDetail.swift in Sources */,
				806CC5B82ABDC0390028EA4D /* AlbumChartScrollView.swift in Sources */,
				806CC5992ABDB5FF0028EA4D /* NetworkManager.swift in Sources */,
				8040DD6E2ABF4FD7002E31AD /* AlbumDetailViewModel.swift in Sources */,
				8033BDB22AC1924800C5F003 /* FavoritesUserDefaultsManager.swift in Sources */,
				806CC5AA2ABDB6370028EA4D /* ArtistData.swift in Sources */,
				8033BDB82AC1934000C5F003 /* TrackDetailView.swift in Sources */,
				806CC5B12ABDB7FA0028EA4D /* AlbumCardView.swift in Sources */,
				806CC5C52ABDC44F0028EA4D /* TopButtons.swift in Sources */,
				8040DD672ABF4D21002E31AD /* ArtistsAlbumCard.swift in Sources */,
				8040DD692ABF4D7F002E31AD /* ArtistsAlbumsScrollView.swift in Sources */,
				8033BDBA2AC1934800C5F003 /* TrackDetailViewModel.swift in Sources */,
				806CC5B52ABDBEB20028EA4D /* ArtistCardView.swift in Sources */,
				8040DD492ABF1111002E31AD /* PlaylistGridView.swift in Sources */,
				806CC5BA2ABDC0650028EA4D /* ArtistChartScrollView.swift in Sources */,
				806CC5AB2ABDB6370028EA4D /* Playlist Model.swift in Sources */,
				8040DD602ABF4611002E31AD /* ArtistDetailViewModel.swift in Sources */,
				8033BDB52AC1927900C5F003 /* FavoriteTypes.swift in Sources */,
				80548A262AC10AF600660445 /* Color+Ext.swift in Sources */,
				8033BDC22AC19EC300C5F003 /* TrackDetailButtonsStackView.swift in Sources */,
				8040DD6C2ABF4FD0002E31AD /* AlbumDetailView.swift in Sources */,
				8040DD5E2ABF3FCA002E31AD /* ArtistDetailView.swift in Sources */,
				8088457B2AC047D200717DB2 /* FavoritesViewModel.swift in Sources */,
				8040DD3F2ABEFB38002E31AD /* PlaylistCardView.swift in Sources */,
				8040DD4C2ABF1185002E31AD /* SearchResultList.swift in Sources */,
				806CC5C02ABDC3640028EA4D /* TabBar.swift in Sources */,
				808845722AC0410200717DB2 /* TrackManager.swift in Sources */,
				8040DD412ABF0002002E31AD /* TrackCell.swift in Sources */,
				806CC5842ABDB58C0028EA4D /* HomeView.swift in Sources */,
				8040DD392ABEF8EA002E31AD /* SearchView.swift in Sources */,
				8033BDC02AC19E6000C5F003 /* ArtistInfoStackView.swift in Sources */,
				806CC5BE2ABDC1060028EA4D /* TrackCardView.swift in Sources */,
				8040DD622ABF4BA3002E31AD /* ArtistStats.swift in Sources */,
				806CC5AD2ABDB6370028EA4D /* ChartModel.swift in Sources */,
				806CC5C32ABDC3ED0028EA4D /* ArtistChartGridView.swift in Sources */,
				8040DD712ABF530A002E31AD /* AlbumNameAndOwnerStack.swift in Sources */,
				8040DD3C2ABEF9BC002E31AD /* SearchViewModel.swift in Sources */,
				806CC5C72ABDC4EF0028EA4D /* TopButton.swift in Sources */,
				806CC5982ABDB5FF0028EA4D /* EndPoints.swift in Sources */,
				8033BDBE2AC198C800C5F003 /* TrackTitlesStackView.swift in Sources */,
				806CC59A2ABDB5FF0028EA4D /* HttpHelpers.swift in Sources */,
				8040DD542ABF24C5002E31AD /* MCImage.swift in Sources */,
				808845742AC0425900717DB2 /* PlayPreviewButton.swift in Sources */,
				8040DD732ABF5344002E31AD /* AlbumTracksList.swift in Sources */,
				8040DD512ABF1BA7002E31AD /* PlaylistDetailViewModel.swift in Sources */,
				806CC5C92ABDC68A0028EA4D /* HomeViewModel.swift in Sources */,
				8040DD652ABF4CC6002E31AD /* ArtistDetailContainer.swift in Sources */,
				806CC5A92ABDB6370028EA4D /* Album Model.swift in Sources */,
				806CC5822ABDB58C0028EA4D /* HarmonyHub_SwiftUIApp.swift in Sources */,
				806CC5AC2ABDB6370028EA4D /* TrackDetail.swift in Sources */,
				808845702AC040FE00717DB2 /* AudioManager.swift in Sources */,
				8088457F2AC0FABC00717DB2 /* PlaylistListCell.swift in Sources */,
				806CC5B32ABDBC6E0028EA4D /* TitleView.swift in Sources */,
				808845812AC102FB00717DB2 /* HeaderTitle.swift in Sources */,
				808845792AC047BC00717DB2 /* FavoritePlaylists.swift in Sources */,
			);
			runOnlyForDeploymentPostprocessing = 0;
		};
/* End PBXSourcesBuildPhase section */

/* Begin XCBuildConfiguration section */
		806CC58A2ABDB5910028EA4D /* Debug */ = {
			isa = XCBuildConfiguration;
			buildSettings = {
				ALWAYS_SEARCH_USER_PATHS = NO;
				ASSETCATALOG_COMPILER_GENERATE_SWIFT_ASSET_SYMBOL_EXTENSIONS = YES;
				CLANG_ANALYZER_NONNULL = YES;
				CLANG_ANALYZER_NUMBER_OBJECT_CONVERSION = YES_AGGRESSIVE;
				CLANG_CXX_LANGUAGE_STANDARD = "gnu++20";
				CLANG_ENABLE_MODULES = YES;
				CLANG_ENABLE_OBJC_ARC = YES;
				CLANG_ENABLE_OBJC_WEAK = YES;
				CLANG_WARN_BLOCK_CAPTURE_AUTORELEASING = YES;
				CLANG_WARN_BOOL_CONVERSION = YES;
				CLANG_WARN_COMMA = YES;
				CLANG_WARN_CONSTANT_CONVERSION = YES;
				CLANG_WARN_DEPRECATED_OBJC_IMPLEMENTATIONS = YES;
				CLANG_WARN_DIRECT_OBJC_ISA_USAGE = YES_ERROR;
				CLANG_WARN_DOCUMENTATION_COMMENTS = YES;
				CLANG_WARN_EMPTY_BODY = YES;
				CLANG_WARN_ENUM_CONVERSION = YES;
				CLANG_WARN_INFINITE_RECURSION = YES;
				CLANG_WARN_INT_CONVERSION = YES;
				CLANG_WARN_NON_LITERAL_NULL_CONVERSION = YES;
				CLANG_WARN_OBJC_IMPLICIT_RETAIN_SELF = YES;
				CLANG_WARN_OBJC_LITERAL_CONVERSION = YES;
				CLANG_WARN_OBJC_ROOT_CLASS = YES_ERROR;
				CLANG_WARN_QUOTED_INCLUDE_IN_FRAMEWORK_HEADER = YES;
				CLANG_WARN_RANGE_LOOP_ANALYSIS = YES;
				CLANG_WARN_STRICT_PROTOTYPES = YES;
				CLANG_WARN_SUSPICIOUS_MOVE = YES;
				CLANG_WARN_UNGUARDED_AVAILABILITY = YES_AGGRESSIVE;
				CLANG_WARN_UNREACHABLE_CODE = YES;
				CLANG_WARN__DUPLICATE_METHOD_MATCH = YES;
				COPY_PHASE_STRIP = NO;
				DEBUG_INFORMATION_FORMAT = dwarf;
				ENABLE_STRICT_OBJC_MSGSEND = YES;
				ENABLE_TESTABILITY = YES;
				ENABLE_USER_SCRIPT_SANDBOXING = YES;
				GCC_C_LANGUAGE_STANDARD = gnu17;
				GCC_DYNAMIC_NO_PIC = NO;
				GCC_NO_COMMON_BLOCKS = YES;
				GCC_OPTIMIZATION_LEVEL = 0;
				GCC_PREPROCESSOR_DEFINITIONS = (
					"DEBUG=1",
					"$(inherited)",
				);
				GCC_WARN_64_TO_32_BIT_CONVERSION = YES;
				GCC_WARN_ABOUT_RETURN_TYPE = YES_ERROR;
				GCC_WARN_UNDECLARED_SELECTOR = YES;
				GCC_WARN_UNINITIALIZED_AUTOS = YES_AGGRESSIVE;
				GCC_WARN_UNUSED_FUNCTION = YES;
				GCC_WARN_UNUSED_VARIABLE = YES;
				IPHONEOS_DEPLOYMENT_TARGET = 17.0;
				LOCALIZATION_PREFERS_STRING_CATALOGS = YES;
				MTL_ENABLE_DEBUG_INFO = INCLUDE_SOURCE;
				MTL_FAST_MATH = YES;
				ONLY_ACTIVE_ARCH = YES;
				SDKROOT = iphoneos;
				SWIFT_ACTIVE_COMPILATION_CONDITIONS = "DEBUG $(inherited)";
				SWIFT_OPTIMIZATION_LEVEL = "-Onone";
			};
			name = Debug;
		};
		806CC58B2ABDB5910028EA4D /* Release */ = {
			isa = XCBuildConfiguration;
			buildSettings = {
				ALWAYS_SEARCH_USER_PATHS = NO;
				ASSETCATALOG_COMPILER_GENERATE_SWIFT_ASSET_SYMBOL_EXTENSIONS = YES;
				CLANG_ANALYZER_NONNULL = YES;
				CLANG_ANALYZER_NUMBER_OBJECT_CONVERSION = YES_AGGRESSIVE;
				CLANG_CXX_LANGUAGE_STANDARD = "gnu++20";
				CLANG_ENABLE_MODULES = YES;
				CLANG_ENABLE_OBJC_ARC = YES;
				CLANG_ENABLE_OBJC_WEAK = YES;
				CLANG_WARN_BLOCK_CAPTURE_AUTORELEASING = YES;
				CLANG_WARN_BOOL_CONVERSION = YES;
				CLANG_WARN_COMMA = YES;
				CLANG_WARN_CONSTANT_CONVERSION = YES;
				CLANG_WARN_DEPRECATED_OBJC_IMPLEMENTATIONS = YES;
				CLANG_WARN_DIRECT_OBJC_ISA_USAGE = YES_ERROR;
				CLANG_WARN_DOCUMENTATION_COMMENTS = YES;
				CLANG_WARN_EMPTY_BODY = YES;
				CLANG_WARN_ENUM_CONVERSION = YES;
				CLANG_WARN_INFINITE_RECURSION = YES;
				CLANG_WARN_INT_CONVERSION = YES;
				CLANG_WARN_NON_LITERAL_NULL_CONVERSION = YES;
				CLANG_WARN_OBJC_IMPLICIT_RETAIN_SELF = YES;
				CLANG_WARN_OBJC_LITERAL_CONVERSION = YES;
				CLANG_WARN_OBJC_ROOT_CLASS = YES_ERROR;
				CLANG_WARN_QUOTED_INCLUDE_IN_FRAMEWORK_HEADER = YES;
				CLANG_WARN_RANGE_LOOP_ANALYSIS = YES;
				CLANG_WARN_STRICT_PROTOTYPES = YES;
				CLANG_WARN_SUSPICIOUS_MOVE = YES;
				CLANG_WARN_UNGUARDED_AVAILABILITY = YES_AGGRESSIVE;
				CLANG_WARN_UNREACHABLE_CODE = YES;
				CLANG_WARN__DUPLICATE_METHOD_MATCH = YES;
				COPY_PHASE_STRIP = NO;
				DEBUG_INFORMATION_FORMAT = "dwarf-with-dsym";
				ENABLE_NS_ASSERTIONS = NO;
				ENABLE_STRICT_OBJC_MSGSEND = YES;
				ENABLE_USER_SCRIPT_SANDBOXING = YES;
				GCC_C_LANGUAGE_STANDARD = gnu17;
				GCC_NO_COMMON_BLOCKS = YES;
				GCC_WARN_64_TO_32_BIT_CONVERSION = YES;
				GCC_WARN_ABOUT_RETURN_TYPE = YES_ERROR;
				GCC_WARN_UNDECLARED_SELECTOR = YES;
				GCC_WARN_UNINITIALIZED_AUTOS = YES_AGGRESSIVE;
				GCC_WARN_UNUSED_FUNCTION = YES;
				GCC_WARN_UNUSED_VARIABLE = YES;
				IPHONEOS_DEPLOYMENT_TARGET = 17.0;
				LOCALIZATION_PREFERS_STRING_CATALOGS = YES;
				MTL_ENABLE_DEBUG_INFO = NO;
				MTL_FAST_MATH = YES;
				SDKROOT = iphoneos;
				SWIFT_COMPILATION_MODE = wholemodule;
				VALIDATE_PRODUCT = YES;
			};
			name = Release;
		};
		806CC58D2ABDB5910028EA4D /* Debug */ = {
			isa = XCBuildConfiguration;
			buildSettings = {
				ASSETCATALOG_COMPILER_APPICON_NAME = AppIcon;
				ASSETCATALOG_COMPILER_GLOBAL_ACCENT_COLOR_NAME = AccentColor;
				CODE_SIGN_STYLE = Automatic;
				CURRENT_PROJECT_VERSION = 1;
				DEVELOPMENT_ASSET_PATHS = "\"HarmonyHub-SwiftUI/Preview Content\"";
				DEVELOPMENT_TEAM = 936XSD7LYL;
				ENABLE_PREVIEWS = YES;
				GENERATE_INFOPLIST_FILE = YES;
				INFOPLIST_KEY_UIApplicationSceneManifest_Generation = YES;
				INFOPLIST_KEY_UIApplicationSupportsIndirectInputEvents = YES;
				INFOPLIST_KEY_UILaunchScreen_Generation = YES;
				INFOPLIST_KEY_UISupportedInterfaceOrientations_iPad = "UIInterfaceOrientationPortrait UIInterfaceOrientationPortraitUpsideDown UIInterfaceOrientationLandscapeLeft UIInterfaceOrientationLandscapeRight";
				INFOPLIST_KEY_UISupportedInterfaceOrientations_iPhone = "UIInterfaceOrientationPortrait UIInterfaceOrientationLandscapeLeft UIInterfaceOrientationLandscapeRight";
				LD_RUNPATH_SEARCH_PATHS = (
					"$(inherited)",
					"@executable_path/Frameworks",
				);
				MARKETING_VERSION = 1.0;
				PRODUCT_BUNDLE_IDENTIFIER = "ibrahimmbyrrm.HarmonyHub-SwiftUI";
				PRODUCT_NAME = "$(TARGET_NAME)";
				SWIFT_EMIT_LOC_STRINGS = YES;
				SWIFT_VERSION = 5.0;
				TARGETED_DEVICE_FAMILY = "1,2";
			};
			name = Debug;
		};
		806CC58E2ABDB5910028EA4D /* Release */ = {
			isa = XCBuildConfiguration;
			buildSettings = {
				ASSETCATALOG_COMPILER_APPICON_NAME = AppIcon;
				ASSETCATALOG_COMPILER_GLOBAL_ACCENT_COLOR_NAME = AccentColor;
				CODE_SIGN_STYLE = Automatic;
				CURRENT_PROJECT_VERSION = 1;
				DEVELOPMENT_ASSET_PATHS = "\"HarmonyHub-SwiftUI/Preview Content\"";
				DEVELOPMENT_TEAM = 936XSD7LYL;
				ENABLE_PREVIEWS = YES;
				GENERATE_INFOPLIST_FILE = YES;
				INFOPLIST_KEY_UIApplicationSceneManifest_Generation = YES;
				INFOPLIST_KEY_UIApplicationSupportsIndirectInputEvents = YES;
				INFOPLIST_KEY_UILaunchScreen_Generation = YES;
				INFOPLIST_KEY_UISupportedInterfaceOrientations_iPad = "UIInterfaceOrientationPortrait UIInterfaceOrientationPortraitUpsideDown UIInterfaceOrientationLandscapeLeft UIInterfaceOrientationLandscapeRight";
				INFOPLIST_KEY_UISupportedInterfaceOrientations_iPhone = "UIInterfaceOrientationPortrait UIInterfaceOrientationLandscapeLeft UIInterfaceOrientationLandscapeRight";
				LD_RUNPATH_SEARCH_PATHS = (
					"$(inherited)",
					"@executable_path/Frameworks",
				);
				MARKETING_VERSION = 1.0;
				PRODUCT_BUNDLE_IDENTIFIER = "ibrahimmbyrrm.HarmonyHub-SwiftUI";
				PRODUCT_NAME = "$(TARGET_NAME)";
				SWIFT_EMIT_LOC_STRINGS = YES;
				SWIFT_VERSION = 5.0;
				TARGETED_DEVICE_FAMILY = "1,2";
			};
			name = Release;
		};
/* End XCBuildConfiguration section */

/* Begin XCConfigurationList section */
		806CC5792ABDB58C0028EA4D /* Build configuration list for PBXProject "HarmonyHub-SwiftUI" */ = {
			isa = XCConfigurationList;
			buildConfigurations = (
				806CC58A2ABDB5910028EA4D /* Debug */,
				806CC58B2ABDB5910028EA4D /* Release */,
			);
			defaultConfigurationIsVisible = 0;
			defaultConfigurationName = Release;
		};
		806CC58C2ABDB5910028EA4D /* Build configuration list for PBXNativeTarget "HarmonyHub-SwiftUI" */ = {
			isa = XCConfigurationList;
			buildConfigurations = (
				806CC58D2ABDB5910028EA4D /* Debug */,
				806CC58E2ABDB5910028EA4D /* Release */,
			);
			defaultConfigurationIsVisible = 0;
			defaultConfigurationName = Release;
		};
/* End XCConfigurationList section */

/* Begin XCRemoteSwiftPackageReference section */
		8040DD422ABF0477002E31AD /* XCRemoteSwiftPackageReference "Kingfisher" */ = {
			isa = XCRemoteSwiftPackageReference;
			repositoryURL = "https://github.com/onevcat/Kingfisher";
			requirement = {
				kind = upToNextMajorVersion;
				minimumVersion = 7.9.1;
			};
		};
		806CC59B2ABDB6250028EA4D /* XCRemoteSwiftPackageReference "Alamofire" */ = {
			isa = XCRemoteSwiftPackageReference;
			repositoryURL = "https://github.com/Alamofire/Alamofire";
			requirement = {
				kind = upToNextMajorVersion;
				minimumVersion = 5.8.0;
			};
		};
/* End XCRemoteSwiftPackageReference section */

/* Begin XCSwiftPackageProductDependency section */
		8040DD432ABF0477002E31AD /* Kingfisher */ = {
			isa = XCSwiftPackageProductDependency;
			package = 8040DD422ABF0477002E31AD /* XCRemoteSwiftPackageReference "Kingfisher" */;
			productName = Kingfisher;
		};
		806CC59C2ABDB6250028EA4D /* Alamofire */ = {
			isa = XCSwiftPackageProductDependency;
			package = 806CC59B2ABDB6250028EA4D /* XCRemoteSwiftPackageReference "Alamofire" */;
			productName = Alamofire;
		};
/* End XCSwiftPackageProductDependency section */
	};
	rootObject = 806CC5762ABDB58C0028EA4D /* Project object */;
}
